{
  "version": 4,
  "terraform_version": "0.12.16",
  "serial": 18,
  "lineage": "ab396708-3ed8-851d-f0a9-1ef72c58692f",
  "outputs": {},
  "resources": [
    {
      "module": "module.bigquery",
      "mode": "managed",
      "type": "google_bigquery_table",
      "name": "main",
      "each": "list",
      "provider": "provider.google",
      "instances": []
    },
    {
      "module": "module.pubsub",
      "mode": "managed",
      "type": "google_pubsub_subscription",
      "name": "pull_subscriptions",
      "each": "list",
      "provider": "provider.google",
      "instances": []
    },
    {
      "module": "module.pubsub",
      "mode": "managed",
      "type": "google_pubsub_subscription",
      "name": "push_subscriptions",
      "each": "list",
      "provider": "provider.google",
      "instances": []
    },
    {
      "module": "module.pubsub",
      "mode": "managed",
      "type": "google_pubsub_topic",
      "name": "topic",
      "provider": "provider.google",
      "instances": [
        {
          "schema_version": 0,
          "attributes": {
            "id": "projects/dev-bq-259909/topics/address",
            "labels": {},
            "name": "address",
            "project": "dev-bq-259909",
            "timeouts": null
          },
          "private": "eyJlMmJmYjczMC1lY2FhLTExZTYtOGY4OC0zNDM2M2JjN2M0YzAiOnsiY3JlYXRlIjoyNDAwMDAwMDAwMDAsImRlbGV0ZSI6MjQwMDAwMDAwMDAwfX0="
        }
      ]
    }
  ]
}
