{
  "version": 4,
  "terraform_version": "0.12.16",
  "serial": 31,
  "lineage": "92de4ccc-817d-f7cd-77e1-60dd4f541161",
  "outputs": {},
  "resources": [
    {
      "module": "module.risk-stream",
      "mode": "managed",
      "type": "google_bigquery_table",
      "name": "default",
      "provider": "provider.google",
      "instances": [
        {
          "schema_version": 0,
          "attributes": {
            "creation_time": 1575467573317,
            "dataset_id": "risks",
            "description": "",
            "etag": "4s/45ezBq0A7bavCjP/PqA==",
            "expiration_time": 1607003573317,
            "friendly_name": "",
            "id": "dev-bq-259909:risks.fred",
            "labels": null,
            "last_modified_time": 1575467573374,
            "location": "EU",
            "num_bytes": 0,
            "num_long_term_bytes": 0,
            "num_rows": 0,
            "project": "dev-bq-259909",
            "schema": "[{\"mode\":\"NULLABLE\",\"name\":\"id\",\"type\":\"STRING\"},{\"mode\":\"NULLABLE\",\"name\":\"first_name\",\"type\":\"STRING\"},{\"mode\":\"NULLABLE\",\"name\":\"last_name\",\"type\":\"STRING\"},{\"mode\":\"NULLABLE\",\"name\":\"dob\",\"type\":\"DATE\"},{\"fields\":[{\"mode\":\"NULLABLE\",\"name\":\"status\",\"type\":\"STRING\"},{\"mode\":\"NULLABLE\",\"name\":\"address\",\"type\":\"STRING\"},{\"mode\":\"NULLABLE\",\"name\":\"city\",\"type\":\"STRING\"},{\"mode\":\"NULLABLE\",\"name\":\"state\",\"type\":\"STRING\"},{\"mode\":\"NULLABLE\",\"name\":\"zip\",\"type\":\"STRING\"},{\"mode\":\"NULLABLE\",\"name\":\"numberOfYears\",\"type\":\"STRING\"}],\"mode\":\"REPEATED\",\"name\":\"addresses\",\"type\":\"RECORD\"}]",
            "self_link": "https://www.googleapis.com/bigquery/v2/projects/dev-bq-259909/datasets/risks/tables/fred",
            "table_id": "fred",
            "time_partitioning": [],
            "type": "TABLE",
            "view": []
          },
          "private": "bnVsbA=="
        }
      ]
    },
    {
      "module": "module.risk-stream",
      "mode": "managed",
      "type": "google_dataflow_job",
      "name": "big_data_job",
      "provider": "provider.google",
      "instances": [
        {
          "schema_version": 0,
          "attributes": {
            "id": "2019-12-04_05_52_53-16569214536879474855",
            "max_workers": 1,
            "name": "fred2fred",
            "on_delete": "cancel",
            "parameters": {
              "inputTopic": "projects/dev-bq-259909/topics/fred",
              "outputTableSpec": "dev-bq-259909:risks.fred"
            },
            "project": "dev-bq-259909",
            "region": "europe-west4",
            "service_account_email": null,
            "state": "JOB_STATE_PENDING",
            "temp_gcs_location": "gs://dev-bq-bucket/dataflow",
            "template_gcs_path": "gs://dataflow-templates/latest/PubSub_to_BigQuery",
            "zone": "europe-west4-a"
          },
          "private": "bnVsbA=="
        }
      ]
    },
    {
      "module": "module.risk-stream",
      "mode": "managed",
      "type": "google_pubsub_topic",
      "name": "example",
      "provider": "provider.google",
      "instances": [
        {
          "schema_version": 0,
          "attributes": {
            "id": "projects/dev-bq-259909/topics/fred",
            "labels": null,
            "name": "fred",
            "project": "dev-bq-259909",
            "timeouts": null
          },
          "private": "eyJlMmJmYjczMC1lY2FhLTExZTYtOGY4OC0zNDM2M2JjN2M0YzAiOnsiY3JlYXRlIjoyNDAwMDAwMDAwMDAsImRlbGV0ZSI6MjQwMDAwMDAwMDAwfX0="
        }
      ]
    }
  ]
}
